
Microsoft Visual Studio Solution File, Format Version 12.00
# Visual Studio Version 16
VisualStudioVersion = 16.0.30717.126
MinimumVisualStudioVersion = 10.0.40219.1
Project("{9A19103F-16F7-4668-BE54-9A1E7A4F7556}") = "001_LINQ", "LINQ\001_LINQ.csproj", "{2790191D-44C6-4F1B-AA07-B2A68FA92329}"
EndProject
Project("{9A19103F-16F7-4668-BE54-9A1E7A4F7556}") = "002_LINQ", "002_LINQ\002_LINQ.csproj", "{ADDAFE79-95C8-4133-8D4D-5025789459B1}"
EndProject
Project("{9A19103F-16F7-4668-BE54-9A1E7A4F7556}") = "003_LINQ", "003_LINQ\003_LINQ.csproj", "{0B8206B4-9404-4C6C-9498-76676E2FADF3}"
EndProject
Project("{9A19103F-16F7-4668-BE54-9A1E7A4F7556}") = "004_LINQ", "004_LINQ\004_LINQ.csproj", "{3FBB4C2A-118F-49D0-847D-ED4459F60C83}"
EndProject
Project("{9A19103F-16F7-4668-BE54-9A1E7A4F7556}") = "005_LINQ", "005_LINQ\005_LINQ.csproj", "{EFD8EDE2-D534-4DAD-943F-96AE3CBDE497}"
EndProject
Project("{9A19103F-16F7-4668-BE54-9A1E7A4F7556}") = "006_LINQ", "006_LINQ\006_LINQ.csproj", "{B3DD9A74-C53A-41E0-ADB5-E370DD607244}"
EndProject
Project("{9A19103F-16F7-4668-BE54-9A1E7A4F7556}") = "007_LINQ", "007_LINQ\007_LINQ.csproj", "{CD10D044-93BA-490C-AF56-E8E4D525FDF2}"
EndProject
Project("{9A19103F-16F7-4668-BE54-9A1E7A4F7556}") = "008_LINQ", "008_LINQ\008_LINQ.csproj", "{0DD1FE2A-A9D0-4862-83F6-64C9C6CF45A2}"
EndProject
Project("{9A19103F-16F7-4668-BE54-9A1E7A4F7556}") = "009_LINQ", "009_LINQ\009_LINQ.csproj", "{90CCEA41-1157-42C0-9F06-112C6700806E}"
EndProject
Project("{FAE04EC0-301F-11D3-BF4B-00C04F79EFBC}") = "010_LINQ", "010_LINQ\010_LINQ.csproj", "{252B32E9-275C-4622-86A3-4F946E99DD42}"
EndProject
Project("{FAE04EC0-301F-11D3-BF4B-00C04F79EFBC}") = "011_LINQ", "011_LINQ\011_LINQ.csproj", "{65A0B4D2-2ED0-41CC-B08C-EBD177CBB1BD}"
EndProject
Project("{FAE04EC0-301F-11D3-BF4B-00C04F79EFBC}") = "012_LINQ", "012_LINQ\012_LINQ.csproj", "{EE7DBC02-59DB-4AEF-A6D4-223DCAAA44EF}"
EndProject
Project("{FAE04EC0-301F-11D3-BF4B-00C04F79EFBC}") = "013_LINQ", "013_LINQ\013_LINQ.csproj", "{42F3E6C4-A514-4380-AE0F-C1DA6D1564B5}"
EndProject
Project("{FAE04EC0-301F-11D3-BF4B-00C04F79EFBC}") = "014_LINQ", "014_LINQ\014_LINQ.csproj", "{0D892AD6-6F33-4CB2-BDEA-6B30827AF458}"
EndProject
Project("{FAE04EC0-301F-11D3-BF4B-00C04F79EFBC}") = "015_LINQ", "015_LINQ\015_LINQ.csproj", "{C3A8DFC0-1F7B-4008-A840-B38BD196440A}"
EndProject
Project("{FAE04EC0-301F-11D3-BF4B-00C04F79EFBC}") = "016_LINQ", "016_LINQ\016_LINQ.csproj", "{6D6B3D5A-B0AD-4CB6-8747-DA42334E236E}"
EndProject
Global
	GlobalSection(SolutionConfigurationPlatforms) = preSolution
		Debug|Any CPU = Debug|Any CPU
		Release|Any CPU = Release|Any CPU
	EndGlobalSection
	GlobalSection(ProjectConfigurationPlatforms) = postSolution
		{2790191D-44C6-4F1B-AA07-B2A68FA92329}.Debug|Any CPU.ActiveCfg = Debug|Any CPU
		{2790191D-44C6-4F1B-AA07-B2A68FA92329}.Debug|Any CPU.Build.0 = Debug|Any CPU
		{2790191D-44C6-4F1B-AA07-B2A68FA92329}.Release|Any CPU.ActiveCfg = Release|Any CPU
		{2790191D-44C6-4F1B-AA07-B2A68FA92329}.Release|Any CPU.Build.0 = Release|Any CPU
		{ADDAFE79-95C8-4133-8D4D-5025789459B1}.Debug|Any CPU.ActiveCfg = Debug|Any CPU
		{ADDAFE79-95C8-4133-8D4D-5025789459B1}.Debug|Any CPU.Build.0 = Debug|Any CPU
		{ADDAFE79-95C8-4133-8D4D-5025789459B1}.Release|Any CPU.ActiveCfg = Release|Any CPU
		{ADDAFE79-95C8-4133-8D4D-5025789459B1}.Release|Any CPU.Build.0 = Release|Any CPU
		{0B8206B4-9404-4C6C-9498-76676E2FADF3}.Debug|Any CPU.ActiveCfg = Debug|Any CPU
		{0B8206B4-9404-4C6C-9498-76676E2FADF3}.Debug|Any CPU.Build.0 = Debug|Any CPU
		{0B8206B4-9404-4C6C-9498-76676E2FADF3}.Release|Any CPU.ActiveCfg = Release|Any CPU
		{0B8206B4-9404-4C6C-9498-76676E2FADF3}.Release|Any CPU.Build.0 = Release|Any CPU
		{3FBB4C2A-118F-49D0-847D-ED4459F60C83}.Debug|Any CPU.ActiveCfg = Debug|Any CPU
		{3FBB4C2A-118F-49D0-847D-ED4459F60C83}.Debug|Any CPU.Build.0 = Debug|Any CPU
		{3FBB4C2A-118F-49D0-847D-ED4459F60C83}.Release|Any CPU.ActiveCfg = Release|Any CPU
		{3FBB4C2A-118F-49D0-847D-ED4459F60C83}.Release|Any CPU.Build.0 = Release|Any CPU
		{EFD8EDE2-D534-4DAD-943F-96AE3CBDE497}.Debug|Any CPU.ActiveCfg = Debug|Any CPU
		{EFD8EDE2-D534-4DAD-943F-96AE3CBDE497}.Debug|Any CPU.Build.0 = Debug|Any CPU
		{EFD8EDE2-D534-4DAD-943F-96AE3CBDE497}.Release|Any CPU.ActiveCfg = Release|Any CPU
		{EFD8EDE2-D534-4DAD-943F-96AE3CBDE497}.Release|Any CPU.Build.0 = Release|Any CPU
		{B3DD9A74-C53A-41E0-ADB5-E370DD607244}.Debug|Any CPU.ActiveCfg = Debug|Any CPU
		{B3DD9A74-C53A-41E0-ADB5-E370DD607244}.Debug|Any CPU.Build.0 = Debug|Any CPU
		{B3DD9A74-C53A-41E0-ADB5-E370DD607244}.Release|Any CPU.ActiveCfg = Release|Any CPU
		{B3DD9A74-C53A-41E0-ADB5-E370DD607244}.Release|Any CPU.Build.0 = Release|Any CPU
		{CD10D044-93BA-490C-AF56-E8E4D525FDF2}.Debug|Any CPU.ActiveCfg = Debug|Any CPU
		{CD10D044-93BA-490C-AF56-E8E4D525FDF2}.Debug|Any CPU.Build.0 = Debug|Any CPU
		{CD10D044-93BA-490C-AF56-E8E4D525FDF2}.Release|Any CPU.ActiveCfg = Release|Any CPU
		{CD10D044-93BA-490C-AF56-E8E4D525FDF2}.Release|Any CPU.Build.0 = Release|Any CPU
		{0DD1FE2A-A9D0-4862-83F6-64C9C6CF45A2}.Debug|Any CPU.ActiveCfg = Debug|Any CPU
		{0DD1FE2A-A9D0-4862-83F6-64C9C6CF45A2}.Debug|Any CPU.Build.0 = Debug|Any CPU
		{0DD1FE2A-A9D0-4862-83F6-64C9C6CF45A2}.Release|Any CPU.ActiveCfg = Release|Any CPU
		{0DD1FE2A-A9D0-4862-83F6-64C9C6CF45A2}.Release|Any CPU.Build.0 = Release|Any CPU
		{90CCEA41-1157-42C0-9F06-112C6700806E}.Debug|Any CPU.ActiveCfg = Debug|Any CPU
		{90CCEA41-1157-42C0-9F06-112C6700806E}.Debug|Any CPU.Build.0 = Debug|Any CPU
		{90CCEA41-1157-42C0-9F06-112C6700806E}.Release|Any CPU.ActiveCfg = Release|Any CPU
		{90CCEA41-1157-42C0-9F06-112C6700806E}.Release|Any CPU.Build.0 = Release|Any CPU
		{252B32E9-275C-4622-86A3-4F946E99DD42}.Debug|Any CPU.ActiveCfg = Debug|Any CPU
		{252B32E9-275C-4622-86A3-4F946E99DD42}.Debug|Any CPU.Build.0 = Debug|Any CPU
		{252B32E9-275C-4622-86A3-4F946E99DD42}.Release|Any CPU.ActiveCfg = Release|Any CPU
		{252B32E9-275C-4622-86A3-4F946E99DD42}.Release|Any CPU.Build.0 = Release|Any CPU
		{65A0B4D2-2ED0-41CC-B08C-EBD177CBB1BD}.Debug|Any CPU.ActiveCfg = Debug|Any CPU
		{65A0B4D2-2ED0-41CC-B08C-EBD177CBB1BD}.Debug|Any CPU.Build.0 = Debug|Any CPU
		{65A0B4D2-2ED0-41CC-B08C-EBD177CBB1BD}.Release|Any CPU.ActiveCfg = Release|Any CPU
		{65A0B4D2-2ED0-41CC-B08C-EBD177CBB1BD}.Release|Any CPU.Build.0 = Release|Any CPU
		{EE7DBC02-59DB-4AEF-A6D4-223DCAAA44EF}.Debug|Any CPU.ActiveCfg = Debug|Any CPU
		{EE7DBC02-59DB-4AEF-A6D4-223DCAAA44EF}.Debug|Any CPU.Build.0 = Debug|Any CPU
		{EE7DBC02-59DB-4AEF-A6D4-223DCAAA44EF}.Release|Any CPU.ActiveCfg = Release|Any CPU
		{EE7DBC02-59DB-4AEF-A6D4-223DCAAA44EF}.Release|Any CPU.Build.0 = Release|Any CPU
		{42F3E6C4-A514-4380-AE0F-C1DA6D1564B5}.Debug|Any CPU.ActiveCfg = Debug|Any CPU
		{42F3E6C4-A514-4380-AE0F-C1DA6D1564B5}.Debug|Any CPU.Build.0 = Debug|Any CPU
		{42F3E6C4-A514-4380-AE0F-C1DA6D1564B5}.Release|Any CPU.ActiveCfg = Release|Any CPU
		{42F3E6C4-A514-4380-AE0F-C1DA6D1564B5}.Release|Any CPU.Build.0 = Release|Any CPU
		{0D892AD6-6F33-4CB2-BDEA-6B30827AF458}.Debug|Any CPU.ActiveCfg = Debug|Any CPU
		{0D892AD6-6F33-4CB2-BDEA-6B30827AF458}.Debug|Any CPU.Build.0 = Debug|Any CPU
		{0D892AD6-6F33-4CB2-BDEA-6B30827AF458}.Release|Any CPU.ActiveCfg = Release|Any CPU
		{0D892AD6-6F33-4CB2-BDEA-6B30827AF458}.Release|Any CPU.Build.0 = Release|Any CPU
		{C3A8DFC0-1F7B-4008-A840-B38BD196440A}.Debug|Any CPU.ActiveCfg = Debug|Any CPU
		{C3A8DFC0-1F7B-4008-A840-B38BD196440A}.Debug|Any CPU.Build.0 = Debug|Any CPU
		{C3A8DFC0-1F7B-4008-A840-B38BD196440A}.Release|Any CPU.ActiveCfg = Release|Any CPU
		{C3A8DFC0-1F7B-4008-A840-B38BD196440A}.Release|Any CPU.Build.0 = Release|Any CPU
		{6D6B3D5A-B0AD-4CB6-8747-DA42334E236E}.Debug|Any CPU.ActiveCfg = Debug|Any CPU
		{6D6B3D5A-B0AD-4CB6-8747-DA42334E236E}.Debug|Any CPU.Build.0 = Debug|Any CPU
		{6D6B3D5A-B0AD-4CB6-8747-DA42334E236E}.Release|Any CPU.ActiveCfg = Release|Any CPU
		{6D6B3D5A-B0AD-4CB6-8747-DA42334E236E}.Release|Any CPU.Build.0 = Release|Any CPU
	EndGlobalSection
	GlobalSection(SolutionProperties) = preSolution
		HideSolutionNode = FALSE
	EndGlobalSection
	GlobalSection(ExtensibilityGlobals) = postSolution
		SolutionGuid = {C27F8A0C-BB31-401A-B51C-D681E4697784}
	EndGlobalSection
EndGlobal
